{
	"name": "prueba-oop",
	"version": "1.0.0",
	"lockfileVersion": 1,
	"requires": true,
	"dependencies": {
		"@alu0100973914/oop": {
			"version": "1.0.3",
			"resolved": "https://registry.npmjs.org/@alu0100973914/oop/-/oop-1.0.3.tgz",
			"integrity": "sha512-szFMBB9ok672r+Nu0h+19SJCedyWfRku+q+FmWjwemmo1PeoZ+GWioooA9D1C6iwc+htvWR+6jpV1CGNVVZwJA=="
		}
	}
}
