{
	"name": "prueba-oop",
	"version": "1.0.0",
	"lockfileVersion": 1,
	"requires": true,
	"dependencies": {
		"@alu0100973914/oop": {
			"version": "1.0.7",
			"resolved": "https://registry.npmjs.org/@alu0100973914/oop/-/oop-1.0.7.tgz",
			"integrity": "sha512-JH+UkFVPt75eQefpGbICg1AUyr3nKKz93UF/Mo/QexisKdNSTwQwM12SnRm0uhDQviRbbDlS4SOHNSQydd+EjQ=="
		}
	}
}
